
Microsoft Visual Studio Solution File, Format Version 12.00
# Visual Studio 15
VisualStudioVersion = 15.0.26906.1
MinimumVisualStudioVersion = 10.0.40219.1
Project("{FAE04EC0-301F-11D3-BF4B-00C04F79EFBC}") = "JsonParseViewer", "JsonParseViewer\JsonParseViewer.csproj", "{D19C259D-84C1-4BD2-8B6D-5DEF68EF327C}"
EndProject
Project("{2150E333-8FDC-42A3-9474-1A3956D46DE8}") = "MetroRadiance", "MetroRadiance", "{D77DBFDD-AAFB-439B-9B73-3A896FE7DFC0}"
EndProject
Project("{FAE04EC0-301F-11D3-BF4B-00C04F79EFBC}") = "MetroRadiance", "MetroRadiance\source\MetroRadiance\MetroRadiance.csproj", "{0AF0B9FF-D981-4D0F-A41F-C3AB6FE2F16D}"
EndProject
Project("{FAE04EC0-301F-11D3-BF4B-00C04F79EFBC}") = "MetroRadiance.Chrome", "MetroRadiance\source\MetroRadiance.Chrome\MetroRadiance.Chrome.csproj", "{21B4AD15-D9FA-4873-BFAD-1EEEFBC6C264}"
EndProject
Project("{FAE04EC0-301F-11D3-BF4B-00C04F79EFBC}") = "MetroRadiance.Chrome.Externals", "MetroRadiance\source\MetroRadiance.Chrome.Externals\MetroRadiance.Chrome.Externals.csproj", "{35F4CDD9-E656-48C1-96F8-77CB63480E08}"
EndProject
Project("{FAE04EC0-301F-11D3-BF4B-00C04F79EFBC}") = "MetroRadiance.Core", "MetroRadiance\source\MetroRadiance.Core\MetroRadiance.Core.csproj", "{A6B0A741-5BE0-479D-B813-E65672350057}"
EndProject
Global
	GlobalSection(SolutionConfigurationPlatforms) = preSolution
		Debug|Any CPU = Debug|Any CPU
		Release RETRO|Any CPU = Release RETRO|Any CPU
		Release|Any CPU = Release|Any CPU
	EndGlobalSection
	GlobalSection(ProjectConfigurationPlatforms) = postSolution
		{D19C259D-84C1-4BD2-8B6D-5DEF68EF327C}.Debug|Any CPU.ActiveCfg = Debug|Any CPU
		{D19C259D-84C1-4BD2-8B6D-5DEF68EF327C}.Debug|Any CPU.Build.0 = Debug|Any CPU
		{D19C259D-84C1-4BD2-8B6D-5DEF68EF327C}.Release RETRO|Any CPU.ActiveCfg = Release|Any CPU
		{D19C259D-84C1-4BD2-8B6D-5DEF68EF327C}.Release RETRO|Any CPU.Build.0 = Release|Any CPU
		{D19C259D-84C1-4BD2-8B6D-5DEF68EF327C}.Release|Any CPU.ActiveCfg = Release|Any CPU
		{D19C259D-84C1-4BD2-8B6D-5DEF68EF327C}.Release|Any CPU.Build.0 = Release|Any CPU
		{0AF0B9FF-D981-4D0F-A41F-C3AB6FE2F16D}.Debug|Any CPU.ActiveCfg = Debug|Any CPU
		{0AF0B9FF-D981-4D0F-A41F-C3AB6FE2F16D}.Debug|Any CPU.Build.0 = Debug|Any CPU
		{0AF0B9FF-D981-4D0F-A41F-C3AB6FE2F16D}.Release RETRO|Any CPU.ActiveCfg = Release RETRO|Any CPU
		{0AF0B9FF-D981-4D0F-A41F-C3AB6FE2F16D}.Release RETRO|Any CPU.Build.0 = Release RETRO|Any CPU
		{0AF0B9FF-D981-4D0F-A41F-C3AB6FE2F16D}.Release|Any CPU.ActiveCfg = Release|Any CPU
		{0AF0B9FF-D981-4D0F-A41F-C3AB6FE2F16D}.Release|Any CPU.Build.0 = Release|Any CPU
		{21B4AD15-D9FA-4873-BFAD-1EEEFBC6C264}.Debug|Any CPU.ActiveCfg = Debug|Any CPU
		{21B4AD15-D9FA-4873-BFAD-1EEEFBC6C264}.Debug|Any CPU.Build.0 = Debug|Any CPU
		{21B4AD15-D9FA-4873-BFAD-1EEEFBC6C264}.Release RETRO|Any CPU.ActiveCfg = Release|Any CPU
		{21B4AD15-D9FA-4873-BFAD-1EEEFBC6C264}.Release RETRO|Any CPU.Build.0 = Release|Any CPU
		{21B4AD15-D9FA-4873-BFAD-1EEEFBC6C264}.Release|Any CPU.ActiveCfg = Release|Any CPU
		{21B4AD15-D9FA-4873-BFAD-1EEEFBC6C264}.Release|Any CPU.Build.0 = Release|Any CPU
		{35F4CDD9-E656-48C1-96F8-77CB63480E08}.Debug|Any CPU.ActiveCfg = Debug|Any CPU
		{35F4CDD9-E656-48C1-96F8-77CB63480E08}.Debug|Any CPU.Build.0 = Debug|Any CPU
		{35F4CDD9-E656-48C1-96F8-77CB63480E08}.Release RETRO|Any CPU.ActiveCfg = Release|Any CPU
		{35F4CDD9-E656-48C1-96F8-77CB63480E08}.Release RETRO|Any CPU.Build.0 = Release|Any CPU
		{35F4CDD9-E656-48C1-96F8-77CB63480E08}.Release|Any CPU.ActiveCfg = Release|Any CPU
		{35F4CDD9-E656-48C1-96F8-77CB63480E08}.Release|Any CPU.Build.0 = Release|Any CPU
		{A6B0A741-5BE0-479D-B813-E65672350057}.Debug|Any CPU.ActiveCfg = Debug|Any CPU
		{A6B0A741-5BE0-479D-B813-E65672350057}.Debug|Any CPU.Build.0 = Debug|Any CPU
		{A6B0A741-5BE0-479D-B813-E65672350057}.Release RETRO|Any CPU.ActiveCfg = Release|Any CPU
		{A6B0A741-5BE0-479D-B813-E65672350057}.Release RETRO|Any CPU.Build.0 = Release|Any CPU
		{A6B0A741-5BE0-479D-B813-E65672350057}.Release|Any CPU.ActiveCfg = Release|Any CPU
		{A6B0A741-5BE0-479D-B813-E65672350057}.Release|Any CPU.Build.0 = Release|Any CPU
	EndGlobalSection
	GlobalSection(SolutionProperties) = preSolution
		HideSolutionNode = FALSE
	EndGlobalSection
	GlobalSection(NestedProjects) = preSolution
		{0AF0B9FF-D981-4D0F-A41F-C3AB6FE2F16D} = {D77DBFDD-AAFB-439B-9B73-3A896FE7DFC0}
		{21B4AD15-D9FA-4873-BFAD-1EEEFBC6C264} = {D77DBFDD-AAFB-439B-9B73-3A896FE7DFC0}
		{35F4CDD9-E656-48C1-96F8-77CB63480E08} = {D77DBFDD-AAFB-439B-9B73-3A896FE7DFC0}
		{A6B0A741-5BE0-479D-B813-E65672350057} = {D77DBFDD-AAFB-439B-9B73-3A896FE7DFC0}
	EndGlobalSection
	GlobalSection(ExtensibilityGlobals) = postSolution
		SolutionGuid = {0A66452A-8230-4AF4-924B-81BCA7079EFE}
	EndGlobalSection
EndGlobal
